// !$*UTF8*$!
{
	archiveVersion = 1;
	classes = {
	};
	objectVersion = 55;
	objects = {

/* Begin PBXBuildFile section */
		A45DCD3D28AE503D00E2BE28 /* CollectionViewTableViewCell.swift in Sources */ = {isa = PBXBuildFile; fileRef = A45DCD3C28AE503D00E2BE28 /* CollectionViewTableViewCell.swift */; };
		A45DCD3F28AE55B200E2BE28 /* HeroHeaderUIView.swift in Sources */ = {isa = PBXBuildFile; fileRef = A45DCD3E28AE55B200E2BE28 /* HeroHeaderUIView.swift */; };
		A45DCD4128AF888A00E2BE28 /* TitleCollectionViewCell.swift in Sources */ = {isa = PBXBuildFile; fileRef = A45DCD4028AF888A00E2BE28 /* TitleCollectionViewCell.swift */; };
		A45DCD4428AF8E3500E2BE28 /* Kingfisher in Frameworks */ = {isa = PBXBuildFile; productRef = A45DCD4328AF8E3500E2BE28 /* Kingfisher */; };
		A45DCD4628B3BCA900E2BE28 /* HomeViewDelegate.swift in Sources */ = {isa = PBXBuildFile; fileRef = A45DCD4528B3BCA900E2BE28 /* HomeViewDelegate.swift */; };
		A45DCD4828B3BDF400E2BE28 /* HomePresenter.swift in Sources */ = {isa = PBXBuildFile; fileRef = A45DCD4728B3BDF400E2BE28 /* HomePresenter.swift */; };
		A45DCD4A28B3F2FC00E2BE28 /* MovieRepositoryApi.swift in Sources */ = {isa = PBXBuildFile; fileRef = A45DCD4928B3F2FC00E2BE28 /* MovieRepositoryApi.swift */; };
		A45DCD4C28B3F34D00E2BE28 /* MovieRepositoryFake.swift in Sources */ = {isa = PBXBuildFile; fileRef = A45DCD4B28B3F34D00E2BE28 /* MovieRepositoryFake.swift */; };
		A45DCD4E28B3F44F00E2BE28 /* Movie.swift in Sources */ = {isa = PBXBuildFile; fileRef = A45DCD4D28B3F44F00E2BE28 /* Movie.swift */; };
		A47421D328AE462800441BB0 /* Swinject in Frameworks */ = {isa = PBXBuildFile; productRef = A47421D228AE462800441BB0 /* Swinject */; };
		A47421D728AE47F000441BB0 /* MainTabBarViewController.swift in Sources */ = {isa = PBXBuildFile; fileRef = A47421D628AE47EF00441BB0 /* MainTabBarViewController.swift */; };
		A47421D928AE487F00441BB0 /* HomeViewController.swift in Sources */ = {isa = PBXBuildFile; fileRef = A47421D828AE487F00441BB0 /* HomeViewController.swift */; };
		A47421DB28AE489A00441BB0 /* UpcomingViewController.swift in Sources */ = {isa = PBXBuildFile; fileRef = A47421DA28AE489A00441BB0 /* UpcomingViewController.swift */; };
		A47421DD28AE48B800441BB0 /* SearchViewController.swift in Sources */ = {isa = PBXBuildFile; fileRef = A47421DC28AE48B800441BB0 /* SearchViewController.swift */; };
		A47421DF28AE48D200441BB0 /* DownloadsViewController.swift in Sources */ = {isa = PBXBuildFile; fileRef = A47421DE28AE48D200441BB0 /* DownloadsViewController.swift */; };
		A4A251A228B3FD0600136B75 /* TMDBPaginatedResponse.swift in Sources */ = {isa = PBXBuildFile; fileRef = A4A251A128B3FD0600136B75 /* TMDBPaginatedResponse.swift */; };
		A4A251A428B3FD1C00136B75 /* TMDBContent.swift in Sources */ = {isa = PBXBuildFile; fileRef = A4A251A328B3FD1C00136B75 /* TMDBContent.swift */; };
		A4A251A628B3FD3D00136B75 /* TMDBMovie.swift in Sources */ = {isa = PBXBuildFile; fileRef = A4A251A528B3FD3D00136B75 /* TMDBMovie.swift */; };
		A4A251A828B3FD5500136B75 /* TMDBTVShow.swift in Sources */ = {isa = PBXBuildFile; fileRef = A4A251A728B3FD5500136B75 /* TMDBTVShow.swift */; };
		A4A251AA28B3FD7C00136B75 /* TMDBClient.swift in Sources */ = {isa = PBXBuildFile; fileRef = A4A251A928B3FD7C00136B75 /* TMDBClient.swift */; };
		A4A251B228B3FF1500136B75 /* AppFactory.swift in Sources */ = {isa = PBXBuildFile; fileRef = A4A251B128B3FF1500136B75 /* AppFactory.swift */; };
		A4DE063228ACE32300767407 /* Quick in Frameworks */ = {isa = PBXBuildFile; productRef = A4DE063128ACE32300767407 /* Quick */; };
		A4DE063528ACE48B00767407 /* Nimble in Frameworks */ = {isa = PBXBuildFile; productRef = A4DE063428ACE48B00767407 /* Nimble */; };
		A4F60B2028A6A2CC00E4159B /* AppDelegate.swift in Sources */ = {isa = PBXBuildFile; fileRef = A4F60B1F28A6A2CC00E4159B /* AppDelegate.swift */; };
		A4F60B2228A6A2CC00E4159B /* SceneDelegate.swift in Sources */ = {isa = PBXBuildFile; fileRef = A4F60B2128A6A2CC00E4159B /* SceneDelegate.swift */; };
		A4F60B2928A6A2CE00E4159B /* Assets.xcassets in Resources */ = {isa = PBXBuildFile; fileRef = A4F60B2828A6A2CE00E4159B /* Assets.xcassets */; };
		A4F60B2C28A6A2CE00E4159B /* LaunchScreen.storyboard in Resources */ = {isa = PBXBuildFile; fileRef = A4F60B2A28A6A2CE00E4159B /* LaunchScreen.storyboard */; };
		A4F60B3728A6A2CE00E4159B /* CineniTests.swift in Sources */ = {isa = PBXBuildFile; fileRef = A4F60B3628A6A2CE00E4159B /* CineniTests.swift */; };
		A4F60B4128A6A2CE00E4159B /* CineniUITests.swift in Sources */ = {isa = PBXBuildFile; fileRef = A4F60B4028A6A2CE00E4159B /* CineniUITests.swift */; };
		A4F60B5928A6B44D00E4159B /* HomeUseCases.swift in Sources */ = {isa = PBXBuildFile; fileRef = A4F60B5828A6B44D00E4159B /* HomeUseCases.swift */; };
		A4F60B5C28A6B47B00E4159B /* MovieRepository.swift in Sources */ = {isa = PBXBuildFile; fileRef = A4F60B5B28A6B47B00E4159B /* MovieRepository.swift */; };
/* End PBXBuildFile section */

/* Begin PBXContainerItemProxy section */
		A4F60B3328A6A2CE00E4159B /* PBXContainerItemProxy */ = {
			isa = PBXContainerItemProxy;
			containerPortal = A4F60B1428A6A2CC00E4159B /* Project object */;
			proxyType = 1;
			remoteGlobalIDString = A4F60B1B28A6A2CC00E4159B;
			remoteInfo = Cineni;
		};
		A4F60B3D28A6A2CE00E4159B /* PBXContainerItemProxy */ = {
			isa = PBXContainerItemProxy;
			containerPortal = A4F60B1428A6A2CC00E4159B /* Project object */;
			proxyType = 1;
			remoteGlobalIDString = A4F60B1B28A6A2CC00E4159B;
			remoteInfo = Cineni;
		};
/* End PBXContainerItemProxy section */

/* Begin PBXCopyFilesBuildPhase section */
		A4983FA128ABDF73004731CC /* Embed Frameworks */ = {
			isa = PBXCopyFilesBuildPhase;
			buildActionMask = 2147483647;
			dstPath = "";
			dstSubfolderSpec = 10;
			files = (
			);
			name = "Embed Frameworks";
			runOnlyForDeploymentPostprocessing = 0;
		};
/* End PBXCopyFilesBuildPhase section */

/* Begin PBXFileReference section */
		A45DCD3C28AE503D00E2BE28 /* CollectionViewTableViewCell.swift */ = {isa = PBXFileReference; lastKnownFileType = sourcecode.swift; path = CollectionViewTableViewCell.swift; sourceTree = "<group>"; };
		A45DCD3E28AE55B200E2BE28 /* HeroHeaderUIView.swift */ = {isa = PBXFileReference; lastKnownFileType = sourcecode.swift; path = HeroHeaderUIView.swift; sourceTree = "<group>"; };
		A45DCD4028AF888A00E2BE28 /* TitleCollectionViewCell.swift */ = {isa = PBXFileReference; lastKnownFileType = sourcecode.swift; path = TitleCollectionViewCell.swift; sourceTree = "<group>"; };
		A45DCD4528B3BCA900E2BE28 /* HomeViewDelegate.swift */ = {isa = PBXFileReference; lastKnownFileType = sourcecode.swift; path = HomeViewDelegate.swift; sourceTree = "<group>"; };
		A45DCD4728B3BDF400E2BE28 /* HomePresenter.swift */ = {isa = PBXFileReference; lastKnownFileType = sourcecode.swift; path = HomePresenter.swift; sourceTree = "<group>"; };
		A45DCD4928B3F2FC00E2BE28 /* MovieRepositoryApi.swift */ = {isa = PBXFileReference; lastKnownFileType = sourcecode.swift; path = MovieRepositoryApi.swift; sourceTree = "<group>"; };
		A45DCD4B28B3F34D00E2BE28 /* MovieRepositoryFake.swift */ = {isa = PBXFileReference; lastKnownFileType = sourcecode.swift; path = MovieRepositoryFake.swift; sourceTree = "<group>"; };
		A45DCD4D28B3F44F00E2BE28 /* Movie.swift */ = {isa = PBXFileReference; lastKnownFileType = sourcecode.swift; path = Movie.swift; sourceTree = "<group>"; };
		A47421D628AE47EF00441BB0 /* MainTabBarViewController.swift */ = {isa = PBXFileReference; lastKnownFileType = sourcecode.swift; path = MainTabBarViewController.swift; sourceTree = "<group>"; };
		A47421D828AE487F00441BB0 /* HomeViewController.swift */ = {isa = PBXFileReference; lastKnownFileType = sourcecode.swift; path = HomeViewController.swift; sourceTree = "<group>"; };
		A47421DA28AE489A00441BB0 /* UpcomingViewController.swift */ = {isa = PBXFileReference; lastKnownFileType = sourcecode.swift; path = UpcomingViewController.swift; sourceTree = "<group>"; };
		A47421DC28AE48B800441BB0 /* SearchViewController.swift */ = {isa = PBXFileReference; lastKnownFileType = sourcecode.swift; path = SearchViewController.swift; sourceTree = "<group>"; };
		A47421DE28AE48D200441BB0 /* DownloadsViewController.swift */ = {isa = PBXFileReference; lastKnownFileType = sourcecode.swift; path = DownloadsViewController.swift; sourceTree = "<group>"; };
		A4A251A128B3FD0600136B75 /* TMDBPaginatedResponse.swift */ = {isa = PBXFileReference; lastKnownFileType = sourcecode.swift; path = TMDBPaginatedResponse.swift; sourceTree = "<group>"; };
		A4A251A328B3FD1C00136B75 /* TMDBContent.swift */ = {isa = PBXFileReference; lastKnownFileType = sourcecode.swift; path = TMDBContent.swift; sourceTree = "<group>"; };
		A4A251A528B3FD3D00136B75 /* TMDBMovie.swift */ = {isa = PBXFileReference; lastKnownFileType = sourcecode.swift; path = TMDBMovie.swift; sourceTree = "<group>"; };
		A4A251A728B3FD5500136B75 /* TMDBTVShow.swift */ = {isa = PBXFileReference; lastKnownFileType = sourcecode.swift; path = TMDBTVShow.swift; sourceTree = "<group>"; };
		A4A251A928B3FD7C00136B75 /* TMDBClient.swift */ = {isa = PBXFileReference; lastKnownFileType = sourcecode.swift; path = TMDBClient.swift; sourceTree = "<group>"; };
		A4A251B128B3FF1500136B75 /* AppFactory.swift */ = {isa = PBXFileReference; lastKnownFileType = sourcecode.swift; path = AppFactory.swift; sourceTree = "<group>"; };
		A4F60B1C28A6A2CC00E4159B /* Cineni.app */ = {isa = PBXFileReference; explicitFileType = wrapper.application; includeInIndex = 0; path = Cineni.app; sourceTree = BUILT_PRODUCTS_DIR; };
		A4F60B1F28A6A2CC00E4159B /* AppDelegate.swift */ = {isa = PBXFileReference; lastKnownFileType = sourcecode.swift; path = AppDelegate.swift; sourceTree = "<group>"; };
		A4F60B2128A6A2CC00E4159B /* SceneDelegate.swift */ = {isa = PBXFileReference; lastKnownFileType = sourcecode.swift; path = SceneDelegate.swift; sourceTree = "<group>"; };
		A4F60B2828A6A2CE00E4159B /* Assets.xcassets */ = {isa = PBXFileReference; lastKnownFileType = folder.assetcatalog; path = Assets.xcassets; sourceTree = "<group>"; };
		A4F60B2B28A6A2CE00E4159B /* Base */ = {isa = PBXFileReference; lastKnownFileType = file.storyboard; name = Base; path = Base.lproj/LaunchScreen.storyboard; sourceTree = "<group>"; };
		A4F60B2D28A6A2CE00E4159B /* Info.plist */ = {isa = PBXFileReference; lastKnownFileType = text.plist.xml; path = Info.plist; sourceTree = "<group>"; };
		A4F60B3228A6A2CE00E4159B /* CineniTests.xctest */ = {isa = PBXFileReference; explicitFileType = wrapper.cfbundle; includeInIndex = 0; path = CineniTests.xctest; sourceTree = BUILT_PRODUCTS_DIR; };
		A4F60B3628A6A2CE00E4159B /* CineniTests.swift */ = {isa = PBXFileReference; lastKnownFileType = sourcecode.swift; path = CineniTests.swift; sourceTree = "<group>"; };
		A4F60B3C28A6A2CE00E4159B /* CineniUITests.xctest */ = {isa = PBXFileReference; explicitFileType = wrapper.cfbundle; includeInIndex = 0; path = CineniUITests.xctest; sourceTree = BUILT_PRODUCTS_DIR; };
		A4F60B4028A6A2CE00E4159B /* CineniUITests.swift */ = {isa = PBXFileReference; lastKnownFileType = sourcecode.swift; path = CineniUITests.swift; sourceTree = "<group>"; };
		A4F60B5828A6B44D00E4159B /* HomeUseCases.swift */ = {isa = PBXFileReference; lastKnownFileType = sourcecode.swift; path = HomeUseCases.swift; sourceTree = "<group>"; };
		A4F60B5B28A6B47B00E4159B /* MovieRepository.swift */ = {isa = PBXFileReference; lastKnownFileType = sourcecode.swift; path = MovieRepository.swift; sourceTree = "<group>"; };
/* End PBXFileReference section */

/* Begin PBXFrameworksBuildPhase section */
		A4F60B1928A6A2CC00E4159B /* Frameworks */ = {
			isa = PBXFrameworksBuildPhase;
			buildActionMask = 2147483647;
			files = (
				A45DCD4428AF8E3500E2BE28 /* Kingfisher in Frameworks */,
				A47421D328AE462800441BB0 /* Swinject in Frameworks */,
			);
			runOnlyForDeploymentPostprocessing = 0;
		};
		A4F60B2F28A6A2CE00E4159B /* Frameworks */ = {
			isa = PBXFrameworksBuildPhase;
			buildActionMask = 2147483647;
			files = (
				A4DE063228ACE32300767407 /* Quick in Frameworks */,
				A4DE063528ACE48B00767407 /* Nimble in Frameworks */,
			);
			runOnlyForDeploymentPostprocessing = 0;
		};
		A4F60B3928A6A2CE00E4159B /* Frameworks */ = {
			isa = PBXFrameworksBuildPhase;
			buildActionMask = 2147483647;
			files = (
			);
			runOnlyForDeploymentPostprocessing = 0;
		};
/* End PBXFrameworksBuildPhase section */

/* Begin PBXGroup section */
		A47421D428AE47B100441BB0 /* infrastructure */ = {
			isa = PBXGroup;
			children = (
				A47421D528AE47B600441BB0 /* ui */,
			);
			path = infrastructure;
			sourceTree = "<group>";
		};
		A47421D528AE47B600441BB0 /* ui */ = {
			isa = PBXGroup;
			children = (
				A47421D628AE47EF00441BB0 /* MainTabBarViewController.swift */,
			);
			path = ui;
			sourceTree = "<group>";
		};
		A4A2519E28B3FCEE00136B75 /* datasources */ = {
			isa = PBXGroup;
			children = (
				A4A2519F28B3FCF300136B75 /* TMDB */,
			);
			path = datasources;
			sourceTree = "<group>";
		};
		A4A2519F28B3FCF300136B75 /* TMDB */ = {
			isa = PBXGroup;
			children = (
				A4A251A028B3FCF800136B75 /* models */,
				A4A251A928B3FD7C00136B75 /* TMDBClient.swift */,
			);
			path = TMDB;
			sourceTree = "<group>";
		};
		A4A251A028B3FCF800136B75 /* models */ = {
			isa = PBXGroup;
			children = (
				A4A251A128B3FD0600136B75 /* TMDBPaginatedResponse.swift */,
				A4A251A328B3FD1C00136B75 /* TMDBContent.swift */,
				A4A251A528B3FD3D00136B75 /* TMDBMovie.swift */,
				A4A251A728B3FD5500136B75 /* TMDBTVShow.swift */,
			);
			path = models;
			sourceTree = "<group>";
		};
		A4A251AB28B3FE3E00136B75 /* infrastructure */ = {
			isa = PBXGroup;
			children = (
				A4A251AF28B3FEBE00136B75 /* ui */,
				A4A251AC28B3FE4C00136B75 /* repositories */,
			);
			path = infrastructure;
			sourceTree = "<group>";
		};
		A4A251AC28B3FE4C00136B75 /* repositories */ = {
			isa = PBXGroup;
			children = (
				A45DCD4928B3F2FC00E2BE28 /* MovieRepositoryApi.swift */,
				A45DCD4B28B3F34D00E2BE28 /* MovieRepositoryFake.swift */,
			);
			path = repositories;
			sourceTree = "<group>";
		};
		A4A251AD28B3FE6300136B75 /* shared */ = {
			isa = PBXGroup;
			children = (
				A4A251B328B3FFE600136B75 /* ui */,
				A4A251AE28B3FE8600136B75 /* infrastructure */,
			);
			path = shared;
			sourceTree = "<group>";
		};
		A4A251AE28B3FE8600136B75 /* infrastructure */ = {
			isa = PBXGroup;
			children = (
				A4A2519E28B3FCEE00136B75 /* datasources */,
				A4A251B128B3FF1500136B75 /* AppFactory.swift */,
			);
			path = infrastructure;
			sourceTree = "<group>";
		};
		A4A251AF28B3FEBE00136B75 /* ui */ = {
			isa = PBXGroup;
			children = (
				A4A251B428B3FFFA00136B75 /* views */,
				A45DCD4728B3BDF400E2BE28 /* HomePresenter.swift */,
				A45DCD4528B3BCA900E2BE28 /* HomeViewDelegate.swift */,
				A47421D828AE487F00441BB0 /* HomeViewController.swift */,
			);
			path = ui;
			sourceTree = "<group>";
		};
		A4A251B328B3FFE600136B75 /* ui */ = {
			isa = PBXGroup;
			children = (
			);
			path = ui;
			sourceTree = "<group>";
		};
		A4A251B428B3FFFA00136B75 /* views */ = {
			isa = PBXGroup;
			children = (
				A45DCD3C28AE503D00E2BE28 /* CollectionViewTableViewCell.swift */,
				A45DCD3E28AE55B200E2BE28 /* HeroHeaderUIView.swift */,
				A45DCD4028AF888A00E2BE28 /* TitleCollectionViewCell.swift */,
			);
			path = views;
			sourceTree = "<group>";
		};
		A4A251B528B4004F00136B75 /* upcoming */ = {
			isa = PBXGroup;
			children = (
				A4A251B628B4005B00136B75 /* infrastructure */,
			);
			path = upcoming;
			sourceTree = "<group>";
		};
		A4A251B628B4005B00136B75 /* infrastructure */ = {
			isa = PBXGroup;
			children = (
				A4A251B728B4006500136B75 /* ui */,
			);
			path = infrastructure;
			sourceTree = "<group>";
		};
		A4A251B728B4006500136B75 /* ui */ = {
			isa = PBXGroup;
			children = (
				A47421DA28AE489A00441BB0 /* UpcomingViewController.swift */,
			);
			path = ui;
			sourceTree = "<group>";
		};
		A4A251B828B4009C00136B75 /* search */ = {
			isa = PBXGroup;
			children = (
				A4A251B928B400A300136B75 /* infrastructure */,
			);
			path = search;
			sourceTree = "<group>";
		};
		A4A251B928B400A300136B75 /* infrastructure */ = {
			isa = PBXGroup;
			children = (
				A4A251BA28B400A900136B75 /* ui */,
			);
			path = infrastructure;
			sourceTree = "<group>";
		};
		A4A251BA28B400A900136B75 /* ui */ = {
			isa = PBXGroup;
			children = (
				A47421DC28AE48B800441BB0 /* SearchViewController.swift */,
			);
			path = ui;
			sourceTree = "<group>";
		};
		A4A251BB28B400C700136B75 /* downloads */ = {
			isa = PBXGroup;
			children = (
				A4A251BC28B400CC00136B75 /* infrastructure */,
			);
			path = downloads;
			sourceTree = "<group>";
		};
		A4A251BC28B400CC00136B75 /* infrastructure */ = {
			isa = PBXGroup;
			children = (
				A4A251BD28B400D300136B75 /* ui */,
			);
			path = infrastructure;
			sourceTree = "<group>";
		};
		A4A251BD28B400D300136B75 /* ui */ = {
			isa = PBXGroup;
			children = (
				A47421DE28AE48D200441BB0 /* DownloadsViewController.swift */,
			);
			path = ui;
			sourceTree = "<group>";
		};
		A4A251BE28B400ED00136B75 /* main */ = {
			isa = PBXGroup;
			children = (
				A47421D428AE47B100441BB0 /* infrastructure */,
			);
			path = main;
			sourceTree = "<group>";
		};
		A4F60B1328A6A2CC00E4159B = {
			isa = PBXGroup;
			children = (
				A4F60B1E28A6A2CC00E4159B /* Cineni */,
				A4F60B3528A6A2CE00E4159B /* CineniTests */,
				A4F60B3F28A6A2CE00E4159B /* CineniUITests */,
				A4F60B1D28A6A2CC00E4159B /* Products */,
			);
			sourceTree = "<group>";
		};
		A4F60B1D28A6A2CC00E4159B /* Products */ = {
			isa = PBXGroup;
			children = (
				A4F60B1C28A6A2CC00E4159B /* Cineni.app */,
				A4F60B3228A6A2CE00E4159B /* CineniTests.xctest */,
				A4F60B3C28A6A2CE00E4159B /* CineniUITests.xctest */,
			);
			name = Products;
			sourceTree = "<group>";
		};
		A4F60B1E28A6A2CC00E4159B /* Cineni */ = {
			isa = PBXGroup;
			children = (
				A4A251BE28B400ED00136B75 /* main */,
				A4F60B4F28A6A2D800E4159B /* home */,
				A4A251B528B4004F00136B75 /* upcoming */,
				A4A251B828B4009C00136B75 /* search */,
				A4A251BB28B400C700136B75 /* downloads */,
				A4A251AD28B3FE6300136B75 /* shared */,
				A4F60B1F28A6A2CC00E4159B /* AppDelegate.swift */,
				A4F60B2128A6A2CC00E4159B /* SceneDelegate.swift */,
				A4F60B2828A6A2CE00E4159B /* Assets.xcassets */,
				A4F60B2A28A6A2CE00E4159B /* LaunchScreen.storyboard */,
				A4F60B2D28A6A2CE00E4159B /* Info.plist */,
			);
			path = Cineni;
			sourceTree = "<group>";
		};
		A4F60B3528A6A2CE00E4159B /* CineniTests */ = {
			isa = PBXGroup;
			children = (
				A4F60B3628A6A2CE00E4159B /* CineniTests.swift */,
			);
			path = CineniTests;
			sourceTree = "<group>";
		};
		A4F60B3F28A6A2CE00E4159B /* CineniUITests */ = {
			isa = PBXGroup;
			children = (
				A4F60B4028A6A2CE00E4159B /* CineniUITests.swift */,
			);
			path = CineniUITests;
			sourceTree = "<group>";
		};
		A4F60B4F28A6A2D800E4159B /* home */ = {
			isa = PBXGroup;
			children = (
				A4F60B5728A6B43800E4159B /* use-cases */,
				A4A251AB28B3FE3E00136B75 /* infrastructure */,
				A4F60B5228A6A2F400E4159B /* domain */,
			);
			path = home;
			sourceTree = "<group>";
		};
		A4F60B5228A6A2F400E4159B /* domain */ = {
			isa = PBXGroup;
			children = (
				A4F60B5A28A6B46100E4159B /* repositories */,
				A45DCD4D28B3F44F00E2BE28 /* Movie.swift */,
			);
			path = domain;
			sourceTree = "<group>";
		};
		A4F60B5728A6B43800E4159B /* use-cases */ = {
			isa = PBXGroup;
			children = (
				A4F60B5828A6B44D00E4159B /* HomeUseCases.swift */,
			);
			path = "use-cases";
			sourceTree = "<group>";
		};
		A4F60B5A28A6B46100E4159B /* repositories */ = {
			isa = PBXGroup;
			children = (
				A4F60B5B28A6B47B00E4159B /* MovieRepository.swift */,
			);
			path = repositories;
			sourceTree = "<group>";
		};
/* End PBXGroup section */

/* Begin PBXNativeTarget section */
		A4F60B1B28A6A2CC00E4159B /* Cineni */ = {
			isa = PBXNativeTarget;
			buildConfigurationList = A4F60B4628A6A2CE00E4159B /* Build configuration list for PBXNativeTarget "Cineni" */;
			buildPhases = (
				A4A251C028B4BBA600136B75 /* Run Swiftformat */,
				A4A251BF28B40C0700136B75 /* Run SwiftLint */,
				A4F60B1828A6A2CC00E4159B /* Sources */,
				A4F60B1928A6A2CC00E4159B /* Frameworks */,
				A4F60B1A28A6A2CC00E4159B /* Resources */,
				A4983FA128ABDF73004731CC /* Embed Frameworks */,
			);
			buildRules = (
			);
			dependencies = (
			);
			name = Cineni;
			packageProductDependencies = (
				A47421D228AE462800441BB0 /* Swinject */,
				A45DCD4328AF8E3500E2BE28 /* Kingfisher */,
			);
			productName = Cineni;
			productReference = A4F60B1C28A6A2CC00E4159B /* Cineni.app */;
			productType = "com.apple.product-type.application";
		};
		A4F60B3128A6A2CE00E4159B /* CineniTests */ = {
			isa = PBXNativeTarget;
			buildConfigurationList = A4F60B4928A6A2CE00E4159B /* Build configuration list for PBXNativeTarget "CineniTests" */;
			buildPhases = (
				A4F60B2E28A6A2CE00E4159B /* Sources */,
				A4F60B2F28A6A2CE00E4159B /* Frameworks */,
				A4F60B3028A6A2CE00E4159B /* Resources */,
			);
			buildRules = (
			);
			dependencies = (
				A4F60B3428A6A2CE00E4159B /* PBXTargetDependency */,
			);
			name = CineniTests;
			packageProductDependencies = (
				A4DE063128ACE32300767407 /* Quick */,
				A4DE063428ACE48B00767407 /* Nimble */,
			);
			productName = CineniTests;
			productReference = A4F60B3228A6A2CE00E4159B /* CineniTests.xctest */;
			productType = "com.apple.product-type.bundle.unit-test";
		};
		A4F60B3B28A6A2CE00E4159B /* CineniUITests */ = {
			isa = PBXNativeTarget;
			buildConfigurationList = A4F60B4C28A6A2CE00E4159B /* Build configuration list for PBXNativeTarget "CineniUITests" */;
			buildPhases = (
				A4F60B3828A6A2CE00E4159B /* Sources */,
				A4F60B3928A6A2CE00E4159B /* Frameworks */,
				A4F60B3A28A6A2CE00E4159B /* Resources */,
			);
			buildRules = (
			);
			dependencies = (
				A4F60B3E28A6A2CE00E4159B /* PBXTargetDependency */,
			);
			name = CineniUITests;
			productName = CineniUITests;
			productReference = A4F60B3C28A6A2CE00E4159B /* CineniUITests.xctest */;
			productType = "com.apple.product-type.bundle.ui-testing";
		};
/* End PBXNativeTarget section */

/* Begin PBXProject section */
		A4F60B1428A6A2CC00E4159B /* Project object */ = {
			isa = PBXProject;
			attributes = {
				BuildIndependentTargetsInParallel = 1;
				LastSwiftUpdateCheck = 1320;
				LastUpgradeCheck = 1320;
				TargetAttributes = {
					A4F60B1B28A6A2CC00E4159B = {
						CreatedOnToolsVersion = 13.2.1;
					};
					A4F60B3128A6A2CE00E4159B = {
						CreatedOnToolsVersion = 13.2.1;
						TestTargetID = A4F60B1B28A6A2CC00E4159B;
					};
					A4F60B3B28A6A2CE00E4159B = {
						CreatedOnToolsVersion = 13.2.1;
						TestTargetID = A4F60B1B28A6A2CC00E4159B;
					};
				};
			};
			buildConfigurationList = A4F60B1728A6A2CC00E4159B /* Build configuration list for PBXProject "Cineni" */;
			compatibilityVersion = "Xcode 13.0";
			developmentRegion = en;
			hasScannedForEncodings = 0;
			knownRegions = (
				en,
				Base,
			);
			mainGroup = A4F60B1328A6A2CC00E4159B;
			packageReferences = (
				A4DE063028ACE32300767407 /* XCRemoteSwiftPackageReference "Quick" */,
				A4DE063328ACE48B00767407 /* XCRemoteSwiftPackageReference "Nimble" */,
				A47421D128AE462800441BB0 /* XCRemoteSwiftPackageReference "Swinject" */,
				A45DCD4228AF8E3500E2BE28 /* XCRemoteSwiftPackageReference "Kingfisher" */,
			);
			productRefGroup = A4F60B1D28A6A2CC00E4159B /* Products */;
			projectDirPath = "";
			projectRoot = "";
			targets = (
				A4F60B1B28A6A2CC00E4159B /* Cineni */,
				A4F60B3128A6A2CE00E4159B /* CineniTests */,
				A4F60B3B28A6A2CE00E4159B /* CineniUITests */,
			);
		};
/* End PBXProject section */

/* Begin PBXResourcesBuildPhase section */
		A4F60B1A28A6A2CC00E4159B /* Resources */ = {
			isa = PBXResourcesBuildPhase;
			buildActionMask = 2147483647;
			files = (
				A4F60B2C28A6A2CE00E4159B /* LaunchScreen.storyboard in Resources */,
				A4F60B2928A6A2CE00E4159B /* Assets.xcassets in Resources */,
			);
			runOnlyForDeploymentPostprocessing = 0;
		};
		A4F60B3028A6A2CE00E4159B /* Resources */ = {
			isa = PBXResourcesBuildPhase;
			buildActionMask = 2147483647;
			files = (
			);
			runOnlyForDeploymentPostprocessing = 0;
		};
		A4F60B3A28A6A2CE00E4159B /* Resources */ = {
			isa = PBXResourcesBuildPhase;
			buildActionMask = 2147483647;
			files = (
			);
			runOnlyForDeploymentPostprocessing = 0;
		};
/* End PBXResourcesBuildPhase section */

/* Begin PBXShellScriptBuildPhase section */
		A4A251BF28B40C0700136B75 /* Run SwiftLint */ = {
			isa = PBXShellScriptBuildPhase;
			buildActionMask = 2147483647;
			files = (
			);
			inputFileListPaths = (
			);
			inputPaths = (
			);
			name = "Run SwiftLint";
			outputFileListPaths = (
			);
			outputPaths = (
			);
			runOnlyForDeploymentPostprocessing = 0;
			shellPath = /bin/sh;
			shellScript = "export PATH=\"$PATH:/opt/homebrew/bin\"\nif which swiftlint > /dev/null; then\n  swiftlint\nelse\n  echo \"warning: SwiftLint not installed, download from https://github.com/realm/SwiftLint\"\nfi\n";
		};
		A4A251C028B4BBA600136B75 /* Run Swiftformat */ = {
			isa = PBXShellScriptBuildPhase;
			buildActionMask = 2147483647;
			files = (
			);
			inputFileListPaths = (
			);
			inputPaths = (
			);
			name = "Run Swiftformat";
			outputFileListPaths = (
			);
			outputPaths = (
			);
			runOnlyForDeploymentPostprocessing = 0;
			shellPath = /bin/sh;
			shellScript = "export PATH=\"$PATH:/opt/homebrew/bin\"\nif which swiftformat > /dev/null; then\n  swiftformat .\nelse\n  echo \"warning: Swiftformat not installed, download from https://github.com/nicklockwood/SwiftFormat\"\nfi\n";
		};
/* End PBXShellScriptBuildPhase section */

/* Begin PBXSourcesBuildPhase section */
		A4F60B1828A6A2CC00E4159B /* Sources */ = {
			isa = PBXSourcesBuildPhase;
			buildActionMask = 2147483647;
			files = (
				A4A251A628B3FD3D00136B75 /* TMDBMovie.swift in Sources */,
				A45DCD4C28B3F34D00E2BE28 /* MovieRepositoryFake.swift in Sources */,
				A47421DD28AE48B800441BB0 /* SearchViewController.swift in Sources */,
				A4A251A828B3FD5500136B75 /* TMDBTVShow.swift in Sources */,
				A45DCD4E28B3F44F00E2BE28 /* Movie.swift in Sources */,
				A47421DF28AE48D200441BB0 /* DownloadsViewController.swift in Sources */,
				A45DCD3D28AE503D00E2BE28 /* CollectionViewTableViewCell.swift in Sources */,
				A4A251A228B3FD0600136B75 /* TMDBPaginatedResponse.swift in Sources */,
				A45DCD4828B3BDF400E2BE28 /* HomePresenter.swift in Sources */,
				A4A251B228B3FF1500136B75 /* AppFactory.swift in Sources */,
				A47421D728AE47F000441BB0 /* MainTabBarViewController.swift in Sources */,
				A4F60B2028A6A2CC00E4159B /* AppDelegate.swift in Sources */,
				A4A251AA28B3FD7C00136B75 /* TMDBClient.swift in Sources */,
				A4F60B2228A6A2CC00E4159B /* SceneDelegate.swift in Sources */,
				A4A251A428B3FD1C00136B75 /* TMDBContent.swift in Sources */,
				A45DCD4128AF888A00E2BE28 /* TitleCollectionViewCell.swift in Sources */,
				A45DCD4628B3BCA900E2BE28 /* HomeViewDelegate.swift in Sources */,
				A45DCD3F28AE55B200E2BE28 /* HeroHeaderUIView.swift in Sources */,
				A47421D928AE487F00441BB0 /* HomeViewController.swift in Sources */,
				A4F60B5C28A6B47B00E4159B /* MovieRepository.swift in Sources */,
				A45DCD4A28B3F2FC00E2BE28 /* MovieRepositoryApi.swift in Sources */,
				A47421DB28AE489A00441BB0 /* UpcomingViewController.swift in Sources */,
				A4F60B5928A6B44D00E4159B /* HomeUseCases.swift in Sources */,
			);
			runOnlyForDeploymentPostprocessing = 0;
		};
		A4F60B2E28A6A2CE00E4159B /* Sources */ = {
			isa = PBXSourcesBuildPhase;
			buildActionMask = 2147483647;
			files = (
				A4F60B3728A6A2CE00E4159B /* CineniTests.swift in Sources */,
			);
			runOnlyForDeploymentPostprocessing = 0;
		};
		A4F60B3828A6A2CE00E4159B /* Sources */ = {
			isa = PBXSourcesBuildPhase;
			buildActionMask = 2147483647;
			files = (
				A4F60B4128A6A2CE00E4159B /* CineniUITests.swift in Sources */,
			);
			runOnlyForDeploymentPostprocessing = 0;
		};
/* End PBXSourcesBuildPhase section */

/* Begin PBXTargetDependency section */
		A4F60B3428A6A2CE00E4159B /* PBXTargetDependency */ = {
			isa = PBXTargetDependency;
			target = A4F60B1B28A6A2CC00E4159B /* Cineni */;
			targetProxy = A4F60B3328A6A2CE00E4159B /* PBXContainerItemProxy */;
		};
		A4F60B3E28A6A2CE00E4159B /* PBXTargetDependency */ = {
			isa = PBXTargetDependency;
			target = A4F60B1B28A6A2CC00E4159B /* Cineni */;
			targetProxy = A4F60B3D28A6A2CE00E4159B /* PBXContainerItemProxy */;
		};
/* End PBXTargetDependency section */

/* Begin PBXVariantGroup section */
		A4F60B2A28A6A2CE00E4159B /* LaunchScreen.storyboard */ = {
			isa = PBXVariantGroup;
			children = (
				A4F60B2B28A6A2CE00E4159B /* Base */,
			);
			name = LaunchScreen.storyboard;
			sourceTree = "<group>";
		};
/* End PBXVariantGroup section */

/* Begin XCBuildConfiguration section */
		A4F60B4428A6A2CE00E4159B /* Debug */ = {
			isa = XCBuildConfiguration;
			buildSettings = {
				ALWAYS_SEARCH_USER_PATHS = NO;
				CLANG_ANALYZER_NONNULL = YES;
				CLANG_ANALYZER_NUMBER_OBJECT_CONVERSION = YES_AGGRESSIVE;
				CLANG_CXX_LANGUAGE_STANDARD = "gnu++17";
				CLANG_CXX_LIBRARY = "libc++";
				CLANG_ENABLE_MODULES = YES;
				CLANG_ENABLE_OBJC_ARC = YES;
				CLANG_ENABLE_OBJC_WEAK = YES;
				CLANG_WARN_BLOCK_CAPTURE_AUTORELEASING = YES;
				CLANG_WARN_BOOL_CONVERSION = YES;
				CLANG_WARN_COMMA = YES;
				CLANG_WARN_CONSTANT_CONVERSION = YES;
				CLANG_WARN_DEPRECATED_OBJC_IMPLEMENTATIONS = YES;
				CLANG_WARN_DIRECT_OBJC_ISA_USAGE = YES_ERROR;
				CLANG_WARN_DOCUMENTATION_COMMENTS = YES;
				CLANG_WARN_EMPTY_BODY = YES;
				CLANG_WARN_ENUM_CONVERSION = YES;
				CLANG_WARN_INFINITE_RECURSION = YES;
				CLANG_WARN_INT_CONVERSION = YES;
				CLANG_WARN_NON_LITERAL_NULL_CONVERSION = YES;
				CLANG_WARN_OBJC_IMPLICIT_RETAIN_SELF = YES;
				CLANG_WARN_OBJC_LITERAL_CONVERSION = YES;
				CLANG_WARN_OBJC_ROOT_CLASS = YES_ERROR;
				CLANG_WARN_QUOTED_INCLUDE_IN_FRAMEWORK_HEADER = YES;
				CLANG_WARN_RANGE_LOOP_ANALYSIS = YES;
				CLANG_WARN_STRICT_PROTOTYPES = YES;
				CLANG_WARN_SUSPICIOUS_MOVE = YES;
				CLANG_WARN_UNGUARDED_AVAILABILITY = YES_AGGRESSIVE;
				CLANG_WARN_UNREACHABLE_CODE = YES;
				CLANG_WARN__DUPLICATE_METHOD_MATCH = YES;
				COPY_PHASE_STRIP = NO;
				DEBUG_INFORMATION_FORMAT = dwarf;
				ENABLE_STRICT_OBJC_MSGSEND = YES;
				ENABLE_TESTABILITY = YES;
				GCC_C_LANGUAGE_STANDARD = gnu11;
				GCC_DYNAMIC_NO_PIC = NO;
				GCC_NO_COMMON_BLOCKS = YES;
				GCC_OPTIMIZATION_LEVEL = 0;
				GCC_PREPROCESSOR_DEFINITIONS = (
					"DEBUG=1",
					"$(inherited)",
				);
				GCC_WARN_64_TO_32_BIT_CONVERSION = YES;
				GCC_WARN_ABOUT_RETURN_TYPE = YES_ERROR;
				GCC_WARN_UNDECLARED_SELECTOR = YES;
				GCC_WARN_UNINITIALIZED_AUTOS = YES_AGGRESSIVE;
				GCC_WARN_UNUSED_FUNCTION = YES;
				GCC_WARN_UNUSED_VARIABLE = YES;
				IPHONEOS_DEPLOYMENT_TARGET = 15.2;
				MTL_ENABLE_DEBUG_INFO = INCLUDE_SOURCE;
				MTL_FAST_MATH = YES;
				ONLY_ACTIVE_ARCH = YES;
				SDKROOT = iphoneos;
				SWIFT_ACTIVE_COMPILATION_CONDITIONS = DEBUG;
				SWIFT_OPTIMIZATION_LEVEL = "-Onone";
			};
			name = Debug;
		};
		A4F60B4528A6A2CE00E4159B /* Release */ = {
			isa = XCBuildConfiguration;
			buildSettings = {
				ALWAYS_SEARCH_USER_PATHS = NO;
				CLANG_ANALYZER_NONNULL = YES;
				CLANG_ANALYZER_NUMBER_OBJECT_CONVERSION = YES_AGGRESSIVE;
				CLANG_CXX_LANGUAGE_STANDARD = "gnu++17";
				CLANG_CXX_LIBRARY = "libc++";
				CLANG_ENABLE_MODULES = YES;
				CLANG_ENABLE_OBJC_ARC = YES;
				CLANG_ENABLE_OBJC_WEAK = YES;
				CLANG_WARN_BLOCK_CAPTURE_AUTORELEASING = YES;
				CLANG_WARN_BOOL_CONVERSION = YES;
				CLANG_WARN_COMMA = YES;
				CLANG_WARN_CONSTANT_CONVERSION = YES;
				CLANG_WARN_DEPRECATED_OBJC_IMPLEMENTATIONS = YES;
				CLANG_WARN_DIRECT_OBJC_ISA_USAGE = YES_ERROR;
				CLANG_WARN_DOCUMENTATION_COMMENTS = YES;
				CLANG_WARN_EMPTY_BODY = YES;
				CLANG_WARN_ENUM_CONVERSION = YES;
				CLANG_WARN_INFINITE_RECURSION = YES;
				CLANG_WARN_INT_CONVERSION = YES;
				CLANG_WARN_NON_LITERAL_NULL_CONVERSION = YES;
				CLANG_WARN_OBJC_IMPLICIT_RETAIN_SELF = YES;
				CLANG_WARN_OBJC_LITERAL_CONVERSION = YES;
				CLANG_WARN_OBJC_ROOT_CLASS = YES_ERROR;
				CLANG_WARN_QUOTED_INCLUDE_IN_FRAMEWORK_HEADER = YES;
				CLANG_WARN_RANGE_LOOP_ANALYSIS = YES;
				CLANG_WARN_STRICT_PROTOTYPES = YES;
				CLANG_WARN_SUSPICIOUS_MOVE = YES;
				CLANG_WARN_UNGUARDED_AVAILABILITY = YES_AGGRESSIVE;
				CLANG_WARN_UNREACHABLE_CODE = YES;
				CLANG_WARN__DUPLICATE_METHOD_MATCH = YES;
				COPY_PHASE_STRIP = NO;
				DEBUG_INFORMATION_FORMAT = "dwarf-with-dsym";
				ENABLE_NS_ASSERTIONS = NO;
				ENABLE_STRICT_OBJC_MSGSEND = YES;
				GCC_C_LANGUAGE_STANDARD = gnu11;
				GCC_NO_COMMON_BLOCKS = YES;
				GCC_WARN_64_TO_32_BIT_CONVERSION = YES;
				GCC_WARN_ABOUT_RETURN_TYPE = YES_ERROR;
				GCC_WARN_UNDECLARED_SELECTOR = YES;
				GCC_WARN_UNINITIALIZED_AUTOS = YES_AGGRESSIVE;
				GCC_WARN_UNUSED_FUNCTION = YES;
				GCC_WARN_UNUSED_VARIABLE = YES;
				IPHONEOS_DEPLOYMENT_TARGET = 15.2;
				MTL_ENABLE_DEBUG_INFO = NO;
				MTL_FAST_MATH = YES;
				SDKROOT = iphoneos;
				SWIFT_COMPILATION_MODE = wholemodule;
				SWIFT_OPTIMIZATION_LEVEL = "-O";
				VALIDATE_PRODUCT = YES;
			};
			name = Release;
		};
		A4F60B4728A6A2CE00E4159B /* Debug */ = {
			isa = XCBuildConfiguration;
			buildSettings = {
				ASSETCATALOG_COMPILER_APPICON_NAME = AppIcon;
				ASSETCATALOG_COMPILER_GLOBAL_ACCENT_COLOR_NAME = AccentColor;
				CODE_SIGN_STYLE = Automatic;
				CURRENT_PROJECT_VERSION = 1;
				DEVELOPMENT_TEAM = W72H93UL84;
				GENERATE_INFOPLIST_FILE = YES;
				INFOPLIST_FILE = Cineni/Info.plist;
				INFOPLIST_KEY_UIApplicationSupportsIndirectInputEvents = YES;
				INFOPLIST_KEY_UILaunchStoryboardName = LaunchScreen;
				INFOPLIST_KEY_UISupportedInterfaceOrientations_iPad = "UIInterfaceOrientationPortrait UIInterfaceOrientationPortraitUpsideDown UIInterfaceOrientationLandscapeLeft UIInterfaceOrientationLandscapeRight";
				INFOPLIST_KEY_UISupportedInterfaceOrientations_iPhone = "UIInterfaceOrientationPortrait UIInterfaceOrientationLandscapeLeft UIInterfaceOrientationLandscapeRight";
				LD_RUNPATH_SEARCH_PATHS = (
					"$(inherited)",
					"@executable_path/Frameworks",
				);
				MARKETING_VERSION = 1.0;
				PRODUCT_BUNDLE_IDENTIFIER = me.danielramos.Cineni;
				PRODUCT_NAME = "$(TARGET_NAME)";
				SWIFT_EMIT_LOC_STRINGS = YES;
				SWIFT_VERSION = 5.0;
				TARGETED_DEVICE_FAMILY = 1;
			};
			name = Debug;
		};
		A4F60B4828A6A2CE00E4159B /* Release */ = {
			isa = XCBuildConfiguration;
			buildSettings = {
				ASSETCATALOG_COMPILER_APPICON_NAME = AppIcon;
				ASSETCATALOG_COMPILER_GLOBAL_ACCENT_COLOR_NAME = AccentColor;
				CODE_SIGN_STYLE = Automatic;
				CURRENT_PROJECT_VERSION = 1;
				DEVELOPMENT_TEAM = W72H93UL84;
				GENERATE_INFOPLIST_FILE = YES;
				INFOPLIST_FILE = Cineni/Info.plist;
				INFOPLIST_KEY_UIApplicationSupportsIndirectInputEvents = YES;
				INFOPLIST_KEY_UILaunchStoryboardName = LaunchScreen;
				INFOPLIST_KEY_UISupportedInterfaceOrientations_iPad = "UIInterfaceOrientationPortrait UIInterfaceOrientationPortraitUpsideDown UIInterfaceOrientationLandscapeLeft UIInterfaceOrientationLandscapeRight";
				INFOPLIST_KEY_UISupportedInterfaceOrientations_iPhone = "UIInterfaceOrientationPortrait UIInterfaceOrientationLandscapeLeft UIInterfaceOrientationLandscapeRight";
				LD_RUNPATH_SEARCH_PATHS = (
					"$(inherited)",
					"@executable_path/Frameworks",
				);
				MARKETING_VERSION = 1.0;
				PRODUCT_BUNDLE_IDENTIFIER = me.danielramos.Cineni;
				PRODUCT_NAME = "$(TARGET_NAME)";
				SWIFT_EMIT_LOC_STRINGS = YES;
				SWIFT_VERSION = 5.0;
				TARGETED_DEVICE_FAMILY = 1;
			};
			name = Release;
		};
		A4F60B4A28A6A2CE00E4159B /* Debug */ = {
			isa = XCBuildConfiguration;
			buildSettings = {
				ALWAYS_EMBED_SWIFT_STANDARD_LIBRARIES = YES;
				BUNDLE_LOADER = "$(TEST_HOST)";
				CODE_SIGN_STYLE = Automatic;
				CURRENT_PROJECT_VERSION = 1;
				DEVELOPMENT_TEAM = W72H93UL84;
				GENERATE_INFOPLIST_FILE = YES;
				IPHONEOS_DEPLOYMENT_TARGET = 15.2;
				MARKETING_VERSION = 1.0;
				PRODUCT_BUNDLE_IDENTIFIER = me.danielramos.CineniTests;
				PRODUCT_NAME = "$(TARGET_NAME)";
				SWIFT_EMIT_LOC_STRINGS = NO;
				SWIFT_VERSION = 5.0;
				TARGETED_DEVICE_FAMILY = "1,2";
				TEST_HOST = "$(BUILT_PRODUCTS_DIR)/Cineni.app/Cineni";
			};
			name = Debug;
		};
		A4F60B4B28A6A2CE00E4159B /* Release */ = {
			isa = XCBuildConfiguration;
			buildSettings = {
				ALWAYS_EMBED_SWIFT_STANDARD_LIBRARIES = YES;
				BUNDLE_LOADER = "$(TEST_HOST)";
				CODE_SIGN_STYLE = Automatic;
				CURRENT_PROJECT_VERSION = 1;
				DEVELOPMENT_TEAM = W72H93UL84;
				GENERATE_INFOPLIST_FILE = YES;
				IPHONEOS_DEPLOYMENT_TARGET = 15.2;
				MARKETING_VERSION = 1.0;
				PRODUCT_BUNDLE_IDENTIFIER = me.danielramos.CineniTests;
				PRODUCT_NAME = "$(TARGET_NAME)";
				SWIFT_EMIT_LOC_STRINGS = NO;
				SWIFT_VERSION = 5.0;
				TARGETED_DEVICE_FAMILY = "1,2";
				TEST_HOST = "$(BUILT_PRODUCTS_DIR)/Cineni.app/Cineni";
			};
			name = Release;
		};
		A4F60B4D28A6A2CE00E4159B /* Debug */ = {
			isa = XCBuildConfiguration;
			buildSettings = {
				ALWAYS_EMBED_SWIFT_STANDARD_LIBRARIES = YES;
				CODE_SIGN_STYLE = Automatic;
				CURRENT_PROJECT_VERSION = 1;
				DEVELOPMENT_TEAM = W72H93UL84;
				GENERATE_INFOPLIST_FILE = YES;
				MARKETING_VERSION = 1.0;
				PRODUCT_BUNDLE_IDENTIFIER = me.danielramos.CineniUITests;
				PRODUCT_NAME = "$(TARGET_NAME)";
				SWIFT_EMIT_LOC_STRINGS = NO;
				SWIFT_VERSION = 5.0;
				TARGETED_DEVICE_FAMILY = "1,2";
				TEST_TARGET_NAME = Cineni;
			};
			name = Debug;
		};
		A4F60B4E28A6A2CE00E4159B /* Release */ = {
			isa = XCBuildConfiguration;
			buildSettings = {
				ALWAYS_EMBED_SWIFT_STANDARD_LIBRARIES = YES;
				CODE_SIGN_STYLE = Automatic;
				CURRENT_PROJECT_VERSION = 1;
				DEVELOPMENT_TEAM = W72H93UL84;
				GENERATE_INFOPLIST_FILE = YES;
				MARKETING_VERSION = 1.0;
				PRODUCT_BUNDLE_IDENTIFIER = me.danielramos.CineniUITests;
				PRODUCT_NAME = "$(TARGET_NAME)";
				SWIFT_EMIT_LOC_STRINGS = NO;
				SWIFT_VERSION = 5.0;
				TARGETED_DEVICE_FAMILY = "1,2";
				TEST_TARGET_NAME = Cineni;
			};
			name = Release;
		};
/* End XCBuildConfiguration section */

/* Begin XCConfigurationList section */
		A4F60B1728A6A2CC00E4159B /* Build configuration list for PBXProject "Cineni" */ = {
			isa = XCConfigurationList;
			buildConfigurations = (
				A4F60B4428A6A2CE00E4159B /* Debug */,
				A4F60B4528A6A2CE00E4159B /* Release */,
			);
			defaultConfigurationIsVisible = 0;
			defaultConfigurationName = Release;
		};
		A4F60B4628A6A2CE00E4159B /* Build configuration list for PBXNativeTarget "Cineni" */ = {
			isa = XCConfigurationList;
			buildConfigurations = (
				A4F60B4728A6A2CE00E4159B /* Debug */,
				A4F60B4828A6A2CE00E4159B /* Release */,
			);
			defaultConfigurationIsVisible = 0;
			defaultConfigurationName = Release;
		};
		A4F60B4928A6A2CE00E4159B /* Build configuration list for PBXNativeTarget "CineniTests" */ = {
			isa = XCConfigurationList;
			buildConfigurations = (
				A4F60B4A28A6A2CE00E4159B /* Debug */,
				A4F60B4B28A6A2CE00E4159B /* Release */,
			);
			defaultConfigurationIsVisible = 0;
			defaultConfigurationName = Release;
		};
		A4F60B4C28A6A2CE00E4159B /* Build configuration list for PBXNativeTarget "CineniUITests" */ = {
			isa = XCConfigurationList;
			buildConfigurations = (
				A4F60B4D28A6A2CE00E4159B /* Debug */,
				A4F60B4E28A6A2CE00E4159B /* Release */,
			);
			defaultConfigurationIsVisible = 0;
			defaultConfigurationName = Release;
		};
/* End XCConfigurationList section */

/* Begin XCRemoteSwiftPackageReference section */
		A45DCD4228AF8E3500E2BE28 /* XCRemoteSwiftPackageReference "Kingfisher" */ = {
			isa = XCRemoteSwiftPackageReference;
			repositoryURL = "https://github.com/onevcat/Kingfisher.git";
			requirement = {
				kind = exactVersion;
				version = 7.3.2;
			};
		};
		A47421D128AE462800441BB0 /* XCRemoteSwiftPackageReference "Swinject" */ = {
			isa = XCRemoteSwiftPackageReference;
			repositoryURL = "https://github.com/Swinject/Swinject.git";
			requirement = {
				kind = exactVersion;
				version = 2.8.2;
			};
		};
		A4DE063028ACE32300767407 /* XCRemoteSwiftPackageReference "Quick" */ = {
			isa = XCRemoteSwiftPackageReference;
			repositoryURL = "https://github.com/Quick/Quick";
			requirement = {
				kind = exactVersion;
				version = 5.0.1;
			};
		};
		A4DE063328ACE48B00767407 /* XCRemoteSwiftPackageReference "Nimble" */ = {
			isa = XCRemoteSwiftPackageReference;
			repositoryURL = "https://github.com/Quick/Nimble.git";
			requirement = {
				kind = exactVersion;
				version = 10.0.0;
			};
		};
/* End XCRemoteSwiftPackageReference section */

/* Begin XCSwiftPackageProductDependency section */
		A45DCD4328AF8E3500E2BE28 /* Kingfisher */ = {
			isa = XCSwiftPackageProductDependency;
			package = A45DCD4228AF8E3500E2BE28 /* XCRemoteSwiftPackageReference "Kingfisher" */;
			productName = Kingfisher;
		};
		A47421D228AE462800441BB0 /* Swinject */ = {
			isa = XCSwiftPackageProductDependency;
			package = A47421D128AE462800441BB0 /* XCRemoteSwiftPackageReference "Swinject" */;
			productName = Swinject;
		};
		A4DE063128ACE32300767407 /* Quick */ = {
			isa = XCSwiftPackageProductDependency;
			package = A4DE063028ACE32300767407 /* XCRemoteSwiftPackageReference "Quick" */;
			productName = Quick;
		};
		A4DE063428ACE48B00767407 /* Nimble */ = {
			isa = XCSwiftPackageProductDependency;
			package = A4DE063328ACE48B00767407 /* XCRemoteSwiftPackageReference "Nimble" */;
			productName = Nimble;
		};
/* End XCSwiftPackageProductDependency section */
	};
	rootObject = A4F60B1428A6A2CC00E4159B /* Project object */;
}
